
Microsoft Visual Studio Solution File, Format Version 12.00
# Visual Studio 15
VisualStudioVersion = 15.0.28307.705
MinimumVisualStudioVersion = 10.0.40219.1
Project("{9A19103F-16F7-4668-BE54-9A1E7A4F7556}") = "IpcProtocol.Core", "IpcProtocol.Core\IpcProtocol.Core.csproj", "{701D2D81-AC5E-4127-9CF6-ED8BB0A81FD3}"
EndProject
Project("{9A19103F-16F7-4668-BE54-9A1E7A4F7556}") = "IpcProtocol.TestClient", "IpcProtocol.TestConsole\IpcProtocol.TestClient.csproj", "{9FCB6422-D5F8-4FFC-9B65-87ACCDE3B865}"
EndProject
Project("{FAE04EC0-301F-11D3-BF4B-00C04F79EFBC}") = "IpcProtocol.TestServer", "IpcProtocol.TestServer\IpcProtocol.TestServer.csproj", "{5921494B-1D4C-4C16-A665-155520F8B292}"
EndProject
Global
	GlobalSection(SolutionConfigurationPlatforms) = preSolution
		Debug|Any CPU = Debug|Any CPU
		Release|Any CPU = Release|Any CPU
	EndGlobalSection
	GlobalSection(ProjectConfigurationPlatforms) = postSolution
		{701D2D81-AC5E-4127-9CF6-ED8BB0A81FD3}.Debug|Any CPU.ActiveCfg = Debug|Any CPU
		{701D2D81-AC5E-4127-9CF6-ED8BB0A81FD3}.Debug|Any CPU.Build.0 = Debug|Any CPU
		{701D2D81-AC5E-4127-9CF6-ED8BB0A81FD3}.Release|Any CPU.ActiveCfg = Release|Any CPU
		{701D2D81-AC5E-4127-9CF6-ED8BB0A81FD3}.Release|Any CPU.Build.0 = Release|Any CPU
		{9FCB6422-D5F8-4FFC-9B65-87ACCDE3B865}.Debug|Any CPU.ActiveCfg = Debug|Any CPU
		{9FCB6422-D5F8-4FFC-9B65-87ACCDE3B865}.Debug|Any CPU.Build.0 = Debug|Any CPU
		{9FCB6422-D5F8-4FFC-9B65-87ACCDE3B865}.Release|Any CPU.ActiveCfg = Release|Any CPU
		{9FCB6422-D5F8-4FFC-9B65-87ACCDE3B865}.Release|Any CPU.Build.0 = Release|Any CPU
		{5921494B-1D4C-4C16-A665-155520F8B292}.Debug|Any CPU.ActiveCfg = Debug|Any CPU
		{5921494B-1D4C-4C16-A665-155520F8B292}.Debug|Any CPU.Build.0 = Debug|Any CPU
		{5921494B-1D4C-4C16-A665-155520F8B292}.Release|Any CPU.ActiveCfg = Release|Any CPU
		{5921494B-1D4C-4C16-A665-155520F8B292}.Release|Any CPU.Build.0 = Release|Any CPU
	EndGlobalSection
	GlobalSection(SolutionProperties) = preSolution
		HideSolutionNode = FALSE
	EndGlobalSection
	GlobalSection(ExtensibilityGlobals) = postSolution
		SolutionGuid = {F393B6BD-A5AF-4A28-A1DC-0ED88579357B}
	EndGlobalSection
EndGlobal
